// !$*UTF8*$!
{
	archiveVersion = 1;
	classes = {
	};
	objectVersion = 50;
	objects = {

/* Begin PBXBuildFile section */
		FA2E5FD924F4B91200ED4701 /* AppDelegate.swift in Sources */ = {isa = PBXBuildFile; fileRef = FA2E5FD824F4B91200ED4701 /* AppDelegate.swift */; };
		FA2E5FDB24F4B91200ED4701 /* SceneDelegate.swift in Sources */ = {isa = PBXBuildFile; fileRef = FA2E5FDA24F4B91200ED4701 /* SceneDelegate.swift */; };
		FA2E5FDE24F4B91200ED4701 /* RollThatDice.xcdatamodeld in Sources */ = {isa = PBXBuildFile; fileRef = FA2E5FDC24F4B91200ED4701 /* RollThatDice.xcdatamodeld */; };
		FA2E5FE024F4B91200ED4701 /* ContentView.swift in Sources */ = {isa = PBXBuildFile; fileRef = FA2E5FDF24F4B91200ED4701 /* ContentView.swift */; };
		FA2E5FE224F4B91600ED4701 /* Assets.xcassets in Resources */ = {isa = PBXBuildFile; fileRef = FA2E5FE124F4B91600ED4701 /* Assets.xcassets */; };
		FA2E5FE524F4B91600ED4701 /* Preview Assets.xcassets in Resources */ = {isa = PBXBuildFile; fileRef = FA2E5FE424F4B91600ED4701 /* Preview Assets.xcassets */; };
		FA2E5FE824F4B91600ED4701 /* LaunchScreen.storyboard in Resources */ = {isa = PBXBuildFile; fileRef = FA2E5FE624F4B91600ED4701 /* LaunchScreen.storyboard */; };
		FA2E5FF124F4BA4A00ED4701 /* RollingView.swift in Sources */ = {isa = PBXBuildFile; fileRef = FA2E5FF024F4BA4A00ED4701 /* RollingView.swift */; };
		FA2E5FF324F4BA5F00ED4701 /* ResultsView.swift in Sources */ = {isa = PBXBuildFile; fileRef = FA2E5FF224F4BA5F00ED4701 /* ResultsView.swift */; };
/* End PBXBuildFile section */

/* Begin PBXFileReference section */
		FA2E5FD524F4B91200ED4701 /* RollThatDice.app */ = {isa = PBXFileReference; explicitFileType = wrapper.application; includeInIndex = 0; path = RollThatDice.app; sourceTree = BUILT_PRODUCTS_DIR; };
		FA2E5FD824F4B91200ED4701 /* AppDelegate.swift */ = {isa = PBXFileReference; lastKnownFileType = sourcecode.swift; path = AppDelegate.swift; sourceTree = "<group>"; };
		FA2E5FDA24F4B91200ED4701 /* SceneDelegate.swift */ = {isa = PBXFileReference; lastKnownFileType = sourcecode.swift; path = SceneDelegate.swift; sourceTree = "<group>"; };
		FA2E5FDD24F4B91200ED4701 /* RollThatDice.xcdatamodel */ = {isa = PBXFileReference; lastKnownFileType = wrapper.xcdatamodel; path = RollThatDice.xcdatamodel; sourceTree = "<group>"; };
		FA2E5FDF24F4B91200ED4701 /* ContentView.swift */ = {isa = PBXFileReference; lastKnownFileType = sourcecode.swift; path = ContentView.swift; sourceTree = "<group>"; };
		FA2E5FE124F4B91600ED4701 /* Assets.xcassets */ = {isa = PBXFileReference; lastKnownFileType = folder.assetcatalog; path = Assets.xcassets; sourceTree = "<group>"; };
		FA2E5FE424F4B91600ED4701 /* Preview Assets.xcassets */ = {isa = PBXFileReference; lastKnownFileType = folder.assetcatalog; path = "Preview Assets.xcassets"; sourceTree = "<group>"; };
		FA2E5FE724F4B91600ED4701 /* Base */ = {isa = PBXFileReference; lastKnownFileType = file.storyboard; name = Base; path = Base.lproj/LaunchScreen.storyboard; sourceTree = "<group>"; };
		FA2E5FE924F4B91600ED4701 /* Info.plist */ = {isa = PBXFileReference; lastKnownFileType = text.plist.xml; path = Info.plist; sourceTree = "<group>"; };
		FA2E5FF024F4BA4A00ED4701 /* RollingView.swift */ = {isa = PBXFileReference; lastKnownFileType = sourcecode.swift; path = RollingView.swift; sourceTree = "<group>"; };
		FA2E5FF224F4BA5F00ED4701 /* ResultsView.swift */ = {isa = PBXFileReference; lastKnownFileType = sourcecode.swift; path = ResultsView.swift; sourceTree = "<group>"; };
/* End PBXFileReference section */

/* Begin PBXFrameworksBuildPhase section */
		FA2E5FD224F4B91200ED4701 /* Frameworks */ = {
			isa = PBXFrameworksBuildPhase;
			buildActionMask = 2147483647;
			files = (
			);
			runOnlyForDeploymentPostprocessing = 0;
		};
/* End PBXFrameworksBuildPhase section */

/* Begin PBXGroup section */
		FA2E5FCC24F4B91200ED4701 = {
			isa = PBXGroup;
			children = (
				FA2E5FD724F4B91200ED4701 /* RollThatDice */,
				FA2E5FD624F4B91200ED4701 /* Products */,
			);
			sourceTree = "<group>";
		};
		FA2E5FD624F4B91200ED4701 /* Products */ = {
			isa = PBXGroup;
			children = (
				FA2E5FD524F4B91200ED4701 /* RollThatDice.app */,
			);
			name = Products;
			sourceTree = "<group>";
		};
		FA2E5FD724F4B91200ED4701 /* RollThatDice */ = {
			isa = PBXGroup;
			children = (
				FA2E5FD824F4B91200ED4701 /* AppDelegate.swift */,
				FA2E5FDA24F4B91200ED4701 /* SceneDelegate.swift */,
				FA2E5FF424F4BAB400ED4701 /* Models */,
				FA2E5FEF24F4BA2700ED4701 /* Views */,
				FA2E5FE124F4B91600ED4701 /* Assets.xcassets */,
				FA2E5FE624F4B91600ED4701 /* LaunchScreen.storyboard */,
				FA2E5FE924F4B91600ED4701 /* Info.plist */,
				FA2E5FE324F4B91600ED4701 /* Preview Content */,
			);
			path = RollThatDice;
			sourceTree = "<group>";
		};
		FA2E5FE324F4B91600ED4701 /* Preview Content */ = {
			isa = PBXGroup;
			children = (
				FA2E5FE424F4B91600ED4701 /* Preview Assets.xcassets */,
			);
			path = "Preview Content";
			sourceTree = "<group>";
		};
		FA2E5FEF24F4BA2700ED4701 /* Views */ = {
			isa = PBXGroup;
			children = (
				FA2E5FDF24F4B91200ED4701 /* ContentView.swift */,
				FA2E5FF024F4BA4A00ED4701 /* RollingView.swift */,
				FA2E5FF224F4BA5F00ED4701 /* ResultsView.swift */,
			);
			path = Views;
			sourceTree = "<group>";
		};
		FA2E5FF424F4BAB400ED4701 /* Models */ = {
			isa = PBXGroup;
			children = (
				FA2E5FDC24F4B91200ED4701 /* RollThatDice.xcdatamodeld */,
			);
			path = Models;
			sourceTree = "<group>";
		};
/* End PBXGroup section */

/* Begin PBXNativeTarget section */
		FA2E5FD424F4B91200ED4701 /* RollThatDice */ = {
			isa = PBXNativeTarget;
			buildConfigurationList = FA2E5FEC24F4B91600ED4701 /* Build configuration list for PBXNativeTarget "RollThatDice" */;
			buildPhases = (
				FA2E5FD124F4B91200ED4701 /* Sources */,
				FA2E5FD224F4B91200ED4701 /* Frameworks */,
				FA2E5FD324F4B91200ED4701 /* Resources */,
			);
			buildRules = (
			);
			dependencies = (
			);
			name = RollThatDice;
			productName = RollThatDice;
			productReference = FA2E5FD524F4B91200ED4701 /* RollThatDice.app */;
			productType = "com.apple.product-type.application";
		};
/* End PBXNativeTarget section */

/* Begin PBXProject section */
		FA2E5FCD24F4B91200ED4701 /* Project object */ = {
			isa = PBXProject;
			attributes = {
				LastSwiftUpdateCheck = 1160;
				LastUpgradeCheck = 1160;
				ORGANIZATIONNAME = "Nate Lee";
				TargetAttributes = {
					FA2E5FD424F4B91200ED4701 = {
						CreatedOnToolsVersion = 11.6;
					};
				};
			};
			buildConfigurationList = FA2E5FD024F4B91200ED4701 /* Build configuration list for PBXProject "RollThatDice" */;
			compatibilityVersion = "Xcode 9.3";
			developmentRegion = en;
			hasScannedForEncodings = 0;
			knownRegions = (
				en,
				Base,
			);
			mainGroup = FA2E5FCC24F4B91200ED4701;
			productRefGroup = FA2E5FD624F4B91200ED4701 /* Products */;
			projectDirPath = "";
			projectRoot = "";
			targets = (
				FA2E5FD424F4B91200ED4701 /* RollThatDice */,
			);
		};
/* End PBXProject section */

/* Begin PBXResourcesBuildPhase section */
		FA2E5FD324F4B91200ED4701 /* Resources */ = {
			isa = PBXResourcesBuildPhase;
			buildActionMask = 2147483647;
			files = (
				FA2E5FE824F4B91600ED4701 /* LaunchScreen.storyboard in Resources */,
				FA2E5FE524F4B91600ED4701 /* Preview Assets.xcassets in Resources */,
				FA2E5FE224F4B91600ED4701 /* Assets.xcassets in Resources */,
			);
			runOnlyForDeploymentPostprocessing = 0;
		};
/* End PBXResourcesBuildPhase section */

/* Begin PBXSourcesBuildPhase section */
		FA2E5FD124F4B91200ED4701 /* Sources */ = {
			isa = PBXSourcesBuildPhase;
			buildActionMask = 2147483647;
			files = (
				FA2E5FD924F4B91200ED4701 /* AppDelegate.swift in Sources */,
				FA2E5FF324F4BA5F00ED4701 /* ResultsView.swift in Sources */,
				FA2E5FDB24F4B91200ED4701 /* SceneDelegate.swift in Sources */,
				FA2E5FE024F4B91200ED4701 /* ContentView.swift in Sources */,
				FA2E5FF124F4BA4A00ED4701 /* RollingView.swift in Sources */,
				FA2E5FDE24F4B91200ED4701 /* RollThatDice.xcdatamodeld in Sources */,
			);
			runOnlyForDeploymentPostprocessing = 0;
		};
/* End PBXSourcesBuildPhase section */

/* Begin PBXVariantGroup section */
		FA2E5FE624F4B91600ED4701 /* LaunchScreen.storyboard */ = {
			isa = PBXVariantGroup;
			children = (
				FA2E5FE724F4B91600ED4701 /* Base */,
			);
			name = LaunchScreen.storyboard;
			sourceTree = "<group>";
		};
/* End PBXVariantGroup section */

/* Begin XCBuildConfiguration section */
		FA2E5FEA24F4B91600ED4701 /* Debug */ = {
			isa = XCBuildConfiguration;
			buildSettings = {
				ALWAYS_SEARCH_USER_PATHS = NO;
				CLANG_ANALYZER_NONNULL = YES;
				CLANG_ANALYZER_NUMBER_OBJECT_CONVERSION = YES_AGGRESSIVE;
				CLANG_CXX_LANGUAGE_STANDARD = "gnu++14";
				CLANG_CXX_LIBRARY = "libc++";
				CLANG_ENABLE_MODULES = YES;
				CLANG_ENABLE_OBJC_ARC = YES;
				CLANG_ENABLE_OBJC_WEAK = YES;
				CLANG_WARN_BLOCK_CAPTURE_AUTORELEASING = YES;
				CLANG_WARN_BOOL_CONVERSION = YES;
				CLANG_WARN_COMMA = YES;
				CLANG_WARN_CONSTANT_CONVERSION = YES;
				CLANG_WARN_DEPRECATED_OBJC_IMPLEMENTATIONS = YES;
				CLANG_WARN_DIRECT_OBJC_ISA_USAGE = YES_ERROR;
				CLANG_WARN_DOCUMENTATION_COMMENTS = YES;
				CLANG_WARN_EMPTY_BODY = YES;
				CLANG_WARN_ENUM_CONVERSION = YES;
				CLANG_WARN_INFINITE_RECURSION = YES;
				CLANG_WARN_INT_CONVERSION = YES;
				CLANG_WARN_NON_LITERAL_NULL_CONVERSION = YES;
				CLANG_WARN_OBJC_IMPLICIT_RETAIN_SELF = YES;
				CLANG_WARN_OBJC_LITERAL_CONVERSION = YES;
				CLANG_WARN_OBJC_ROOT_CLASS = YES_ERROR;
				CLANG_WARN_RANGE_LOOP_ANALYSIS = YES;
				CLANG_WARN_STRICT_PROTOTYPES = YES;
				CLANG_WARN_SUSPICIOUS_MOVE = YES;
				CLANG_WARN_UNGUARDED_AVAILABILITY = YES_AGGRESSIVE;
				CLANG_WARN_UNREACHABLE_CODE = YES;
				CLANG_WARN__DUPLICATE_METHOD_MATCH = YES;
				COPY_PHASE_STRIP = NO;
				DEBUG_INFORMATION_FORMAT = dwarf;
				ENABLE_STRICT_OBJC_MSGSEND = YES;
				ENABLE_TESTABILITY = YES;
				GCC_C_LANGUAGE_STANDARD = gnu11;
				GCC_DYNAMIC_NO_PIC = NO;
				GCC_NO_COMMON_BLOCKS = YES;
				GCC_OPTIMIZATION_LEVEL = 0;
				GCC_PREPROCESSOR_DEFINITIONS = (
					"DEBUG=1",
					"$(inherited)",
				);
				GCC_WARN_64_TO_32_BIT_CONVERSION = YES;
				GCC_WARN_ABOUT_RETURN_TYPE = YES_ERROR;
				GCC_WARN_UNDECLARED_SELECTOR = YES;
				GCC_WARN_UNINITIALIZED_AUTOS = YES_AGGRESSIVE;
				GCC_WARN_UNUSED_FUNCTION = YES;
				GCC_WARN_UNUSED_VARIABLE = YES;
				IPHONEOS_DEPLOYMENT_TARGET = 13.6;
				MTL_ENABLE_DEBUG_INFO = INCLUDE_SOURCE;
				MTL_FAST_MATH = YES;
				ONLY_ACTIVE_ARCH = YES;
				SDKROOT = iphoneos;
				SWIFT_ACTIVE_COMPILATION_CONDITIONS = DEBUG;
				SWIFT_OPTIMIZATION_LEVEL = "-Onone";
			};
			name = Debug;
		};
		FA2E5FEB24F4B91600ED4701 /* Release */ = {
			isa = XCBuildConfiguration;
			buildSettings = {
				ALWAYS_SEARCH_USER_PATHS = NO;
				CLANG_ANALYZER_NONNULL = YES;
				CLANG_ANALYZER_NUMBER_OBJECT_CONVERSION = YES_AGGRESSIVE;
				CLANG_CXX_LANGUAGE_STANDARD = "gnu++14";
				CLANG_CXX_LIBRARY = "libc++";
				CLANG_ENABLE_MODULES = YES;
				CLANG_ENABLE_OBJC_ARC = YES;
				CLANG_ENABLE_OBJC_WEAK = YES;
				CLANG_WARN_BLOCK_CAPTURE_AUTORELEASING = YES;
				CLANG_WARN_BOOL_CONVERSION = YES;
				CLANG_WARN_COMMA = YES;
				CLANG_WARN_CONSTANT_CONVERSION = YES;
				CLANG_WARN_DEPRECATED_OBJC_IMPLEMENTATIONS = YES;
				CLANG_WARN_DIRECT_OBJC_ISA_USAGE = YES_ERROR;
				CLANG_WARN_DOCUMENTATION_COMMENTS = YES;
				CLANG_WARN_EMPTY_BODY = YES;
				CLANG_WARN_ENUM_CONVERSION = YES;
				CLANG_WARN_INFINITE_RECURSION = YES;
				CLANG_WARN_INT_CONVERSION = YES;
				CLANG_WARN_NON_LITERAL_NULL_CONVERSION = YES;
				CLANG_WARN_OBJC_IMPLICIT_RETAIN_SELF = YES;
				CLANG_WARN_OBJC_LITERAL_CONVERSION = YES;
				CLANG_WARN_OBJC_ROOT_CLASS = YES_ERROR;
				CLANG_WARN_RANGE_LOOP_ANALYSIS = YES;
				CLANG_WARN_STRICT_PROTOTYPES = YES;
				CLANG_WARN_SUSPICIOUS_MOVE = YES;
				CLANG_WARN_UNGUARDED_AVAILABILITY = YES_AGGRESSIVE;
				CLANG_WARN_UNREACHABLE_CODE = YES;
				CLANG_WARN__DUPLICATE_METHOD_MATCH = YES;
				COPY_PHASE_STRIP = NO;
				DEBUG_INFORMATION_FORMAT = "dwarf-with-dsym";
				ENABLE_NS_ASSERTIONS = NO;
				ENABLE_STRICT_OBJC_MSGSEND = YES;
				GCC_C_LANGUAGE_STANDARD = gnu11;
				GCC_NO_COMMON_BLOCKS = YES;
				GCC_WARN_64_TO_32_BIT_CONVERSION = YES;
				GCC_WARN_ABOUT_RETURN_TYPE = YES_ERROR;
				GCC_WARN_UNDECLARED_SELECTOR = YES;
				GCC_WARN_UNINITIALIZED_AUTOS = YES_AGGRESSIVE;
				GCC_WARN_UNUSED_FUNCTION = YES;
				GCC_WARN_UNUSED_VARIABLE = YES;
				IPHONEOS_DEPLOYMENT_TARGET = 13.6;
				MTL_ENABLE_DEBUG_INFO = NO;
				MTL_FAST_MATH = YES;
				SDKROOT = iphoneos;
				SWIFT_COMPILATION_MODE = wholemodule;
				SWIFT_OPTIMIZATION_LEVEL = "-O";
				VALIDATE_PRODUCT = YES;
			};
			name = Release;
		};
		FA2E5FED24F4B91600ED4701 /* Debug */ = {
			isa = XCBuildConfiguration;
			buildSettings = {
				ASSETCATALOG_COMPILER_APPICON_NAME = AppIcon;
				CODE_SIGN_STYLE = Automatic;
				DEVELOPMENT_ASSET_PATHS = "\"RollThatDice/Preview Content\"";
				DEVELOPMENT_TEAM = LQY7L3XZHF;
				ENABLE_PREVIEWS = YES;
				INFOPLIST_FILE = RollThatDice/Info.plist;
				LD_RUNPATH_SEARCH_PATHS = (
					"$(inherited)",
					"@executable_path/Frameworks",
				);
				PRODUCT_BUNDLE_IDENTIFIER = dev.natelee.RollThatDice;
				PRODUCT_NAME = "$(TARGET_NAME)";
				SWIFT_VERSION = 5.0;
				TARGETED_DEVICE_FAMILY = "1,2";
			};
			name = Debug;
		};
		FA2E5FEE24F4B91600ED4701 /* Release */ = {
			isa = XCBuildConfiguration;
			buildSettings = {
				ASSETCATALOG_COMPILER_APPICON_NAME = AppIcon;
				CODE_SIGN_STYLE = Automatic;
				DEVELOPMENT_ASSET_PATHS = "\"RollThatDice/Preview Content\"";
				DEVELOPMENT_TEAM = LQY7L3XZHF;
				ENABLE_PREVIEWS = YES;
				INFOPLIST_FILE = RollThatDice/Info.plist;
				LD_RUNPATH_SEARCH_PATHS = (
					"$(inherited)",
					"@executable_path/Frameworks",
				);
				PRODUCT_BUNDLE_IDENTIFIER = dev.natelee.RollThatDice;
				PRODUCT_NAME = "$(TARGET_NAME)";
				SWIFT_VERSION = 5.0;
				TARGETED_DEVICE_FAMILY = "1,2";
			};
			name = Release;
		};
/* End XCBuildConfiguration section */

/* Begin XCConfigurationList section */
		FA2E5FD024F4B91200ED4701 /* Build configuration list for PBXProject "RollThatDice" */ = {
			isa = XCConfigurationList;
			buildConfigurations = (
				FA2E5FEA24F4B91600ED4701 /* Debug */,
				FA2E5FEB24F4B91600ED4701 /* Release */,
			);
			defaultConfigurationIsVisible = 0;
			defaultConfigurationName = Release;
		};
		FA2E5FEC24F4B91600ED4701 /* Build configuration list for PBXNativeTarget "RollThatDice" */ = {
			isa = XCConfigurationList;
			buildConfigurations = (
				FA2E5FED24F4B91600ED4701 /* Debug */,
				FA2E5FEE24F4B91600ED4701 /* Release */,
			);
			defaultConfigurationIsVisible = 0;
			defaultConfigurationName = Release;
		};
/* End XCConfigurationList section */

/* Begin XCVersionGroup section */
		FA2E5FDC24F4B91200ED4701 /* RollThatDice.xcdatamodeld */ = {
			isa = XCVersionGroup;
			children = (
				FA2E5FDD24F4B91200ED4701 /* RollThatDice.xcdatamodel */,
			);
			currentVersion = FA2E5FDD24F4B91200ED4701 /* RollThatDice.xcdatamodel */;
			path = RollThatDice.xcdatamodeld;
			sourceTree = "<group>";
			versionGroupType = wrapper.xcdatamodel;
		};
/* End XCVersionGroup section */
	};
	rootObject = FA2E5FCD24F4B91200ED4701 /* Project object */;
}
